
Microsoft Visual Studio Solution File, Format Version 12.00
# Visual Studio Version 17
VisualStudioVersion = 17.2.32630.192
MinimumVisualStudioVersion = 10.0.40219.1
Project("{FAE04EC0-301F-11D3-BF4B-00C04F79EFBC}") = "Adoday2", "Adoday2\Adoday2.csproj", "{FAAD2474-1BA3-4DBA-8456-9DCBABF58E13}"
EndProject
Global
	GlobalSection(SolutionConfigurationPlatforms) = preSolution
		Debug|Any CPU = Debug|Any CPU
		Release|Any CPU = Release|Any CPU
	EndGlobalSection
	GlobalSection(ProjectConfigurationPlatforms) = postSolution
		{FAAD2474-1BA3-4DBA-8456-9DCBABF58E13}.Debug|Any CPU.ActiveCfg = Debug|Any CPU
		{FAAD2474-1BA3-4DBA-8456-9DCBABF58E13}.Debug|Any CPU.Build.0 = Debug|Any CPU
		{FAAD2474-1BA3-4DBA-8456-9DCBABF58E13}.Release|Any CPU.ActiveCfg = Release|Any CPU
		{FAAD2474-1BA3-4DBA-8456-9DCBABF58E13}.Release|Any CPU.Build.0 = Release|Any CPU
	EndGlobalSection
	GlobalSection(SolutionProperties) = preSolution
		HideSolutionNode = FALSE
	EndGlobalSection
	GlobalSection(ExtensibilityGlobals) = postSolution
		SolutionGuid = {2D3FB3FA-FA12-438A-BCA7-028B7A5066A6}
	EndGlobalSection
EndGlobal
